
Microsoft Visual Studio Solution File, Format Version 12.00
# Visual Studio Version 16
VisualStudioVersion = 16.0.29519.87
MinimumVisualStudioVersion = 10.0.40219.1
Project("{FAE04EC0-301F-11D3-BF4B-00C04F79EFBC}") = "Visualisation", "Visualisation\Visualisation.csproj", "{F1F70470-7AB1-4284-8BB9-372E2F021689}"
EndProject
Project("{FAE04EC0-301F-11D3-BF4B-00C04F79EFBC}") = "TemperatureSaver", "TemperatureSaver\TemperatureSaver.csproj", "{DFFAAF8D-60FC-4969-8215-0D61C08F8D6D}"
EndProject
Project("{FAE04EC0-301F-11D3-BF4B-00C04F79EFBC}") = "TemperatureServer", "TemperatureServer\TemperatureServer.csproj", "{B0D5DD22-4045-49F9-B203-67C1A799FE65}"
EndProject
Project("{FAE04EC0-301F-11D3-BF4B-00C04F79EFBC}") = "TemperaturePlayback", "TemperaturePlayback\TemperaturePlayback.csproj", "{D154466D-6D89-46F6-9A22-B5B47690E7EE}"
EndProject
Project("{FAE04EC0-301F-11D3-BF4B-00C04F79EFBC}") = "TelegramTester", "TelegramTester\TelegramTester.csproj", "{0BA48E35-F195-45CB-815A-67D4A8A468FD}"
EndProject
Project("{FAE04EC0-301F-11D3-BF4B-00C04F79EFBC}") = "Logger", "Logger\Logger.csproj", "{D5C42457-FDB8-4036-A98C-03D41BE84EEB}"
EndProject
Project("{FAE04EC0-301F-11D3-BF4B-00C04F79EFBC}") = "Telegrams", "Telegrams\Telegrams.csproj", "{C848BE92-9EE5-42AF-BC77-8BE710F5F0A3}"
EndProject
Project("{FAE04EC0-301F-11D3-BF4B-00C04F79EFBC}") = "SerialBytes", "SerialBytes\SerialBytes.csproj", "{4E0FB29B-95D2-4BAD-8AE4-6ACEBD075D5D}"
EndProject
Global
	GlobalSection(SolutionConfigurationPlatforms) = preSolution
		Debug|Any CPU = Debug|Any CPU
		Release|Any CPU = Release|Any CPU
	EndGlobalSection
	GlobalSection(ProjectConfigurationPlatforms) = postSolution
		{F1F70470-7AB1-4284-8BB9-372E2F021689}.Debug|Any CPU.ActiveCfg = Debug|Any CPU
		{F1F70470-7AB1-4284-8BB9-372E2F021689}.Debug|Any CPU.Build.0 = Debug|Any CPU
		{F1F70470-7AB1-4284-8BB9-372E2F021689}.Release|Any CPU.ActiveCfg = Release|Any CPU
		{F1F70470-7AB1-4284-8BB9-372E2F021689}.Release|Any CPU.Build.0 = Release|Any CPU
		{DFFAAF8D-60FC-4969-8215-0D61C08F8D6D}.Debug|Any CPU.ActiveCfg = Debug|Any CPU
		{DFFAAF8D-60FC-4969-8215-0D61C08F8D6D}.Debug|Any CPU.Build.0 = Debug|Any CPU
		{DFFAAF8D-60FC-4969-8215-0D61C08F8D6D}.Release|Any CPU.ActiveCfg = Release|Any CPU
		{DFFAAF8D-60FC-4969-8215-0D61C08F8D6D}.Release|Any CPU.Build.0 = Release|Any CPU
		{B0D5DD22-4045-49F9-B203-67C1A799FE65}.Debug|Any CPU.ActiveCfg = Debug|Any CPU
		{B0D5DD22-4045-49F9-B203-67C1A799FE65}.Debug|Any CPU.Build.0 = Debug|Any CPU
		{B0D5DD22-4045-49F9-B203-67C1A799FE65}.Release|Any CPU.ActiveCfg = Release|Any CPU
		{B0D5DD22-4045-49F9-B203-67C1A799FE65}.Release|Any CPU.Build.0 = Release|Any CPU
		{D154466D-6D89-46F6-9A22-B5B47690E7EE}.Debug|Any CPU.ActiveCfg = Debug|Any CPU
		{D154466D-6D89-46F6-9A22-B5B47690E7EE}.Debug|Any CPU.Build.0 = Debug|Any CPU
		{D154466D-6D89-46F6-9A22-B5B47690E7EE}.Release|Any CPU.ActiveCfg = Release|Any CPU
		{D154466D-6D89-46F6-9A22-B5B47690E7EE}.Release|Any CPU.Build.0 = Release|Any CPU
		{0BA48E35-F195-45CB-815A-67D4A8A468FD}.Debug|Any CPU.ActiveCfg = Debug|Any CPU
		{0BA48E35-F195-45CB-815A-67D4A8A468FD}.Debug|Any CPU.Build.0 = Debug|Any CPU
		{0BA48E35-F195-45CB-815A-67D4A8A468FD}.Release|Any CPU.ActiveCfg = Release|Any CPU
		{0BA48E35-F195-45CB-815A-67D4A8A468FD}.Release|Any CPU.Build.0 = Release|Any CPU
		{D5C42457-FDB8-4036-A98C-03D41BE84EEB}.Debug|Any CPU.ActiveCfg = Debug|Any CPU
		{D5C42457-FDB8-4036-A98C-03D41BE84EEB}.Debug|Any CPU.Build.0 = Debug|Any CPU
		{D5C42457-FDB8-4036-A98C-03D41BE84EEB}.Release|Any CPU.ActiveCfg = Release|Any CPU
		{D5C42457-FDB8-4036-A98C-03D41BE84EEB}.Release|Any CPU.Build.0 = Release|Any CPU
		{C848BE92-9EE5-42AF-BC77-8BE710F5F0A3}.Debug|Any CPU.ActiveCfg = Debug|Any CPU
		{C848BE92-9EE5-42AF-BC77-8BE710F5F0A3}.Debug|Any CPU.Build.0 = Debug|Any CPU
		{C848BE92-9EE5-42AF-BC77-8BE710F5F0A3}.Release|Any CPU.ActiveCfg = Release|Any CPU
		{C848BE92-9EE5-42AF-BC77-8BE710F5F0A3}.Release|Any CPU.Build.0 = Release|Any CPU
		{4E0FB29B-95D2-4BAD-8AE4-6ACEBD075D5D}.Debug|Any CPU.ActiveCfg = Debug|Any CPU
		{4E0FB29B-95D2-4BAD-8AE4-6ACEBD075D5D}.Debug|Any CPU.Build.0 = Debug|Any CPU
		{4E0FB29B-95D2-4BAD-8AE4-6ACEBD075D5D}.Release|Any CPU.ActiveCfg = Release|Any CPU
		{4E0FB29B-95D2-4BAD-8AE4-6ACEBD075D5D}.Release|Any CPU.Build.0 = Release|Any CPU
	EndGlobalSection
	GlobalSection(SolutionProperties) = preSolution
		HideSolutionNode = FALSE
	EndGlobalSection
	GlobalSection(ExtensibilityGlobals) = postSolution
		SolutionGuid = {1EC98DFA-D28F-4DD6-BB46-1F0C19676661}
	EndGlobalSection
EndGlobal
