
Microsoft Visual Studio Solution File, Format Version 12.00
# Visual Studio Version 16
VisualStudioVersion = 16.0.29920.165
MinimumVisualStudioVersion = 10.0.40219.1
Project("{FAE04EC0-301F-11D3-BF4B-00C04F79EFBC}") = "AtMega328P_Sim", "AtMega328P_Sim\AtMega328P_Sim.csproj", "{AF9D8229-0881-4395-9D36-1227D9ABC10A}"
EndProject
Global
	GlobalSection(SolutionConfigurationPlatforms) = preSolution
		Debug|Any CPU = Debug|Any CPU
		Release|Any CPU = Release|Any CPU
	EndGlobalSection
	GlobalSection(ProjectConfigurationPlatforms) = postSolution
		{AF9D8229-0881-4395-9D36-1227D9ABC10A}.Debug|Any CPU.ActiveCfg = Debug|Any CPU
		{AF9D8229-0881-4395-9D36-1227D9ABC10A}.Debug|Any CPU.Build.0 = Debug|Any CPU
		{AF9D8229-0881-4395-9D36-1227D9ABC10A}.Release|Any CPU.ActiveCfg = Release|Any CPU
		{AF9D8229-0881-4395-9D36-1227D9ABC10A}.Release|Any CPU.Build.0 = Release|Any CPU
	EndGlobalSection
	GlobalSection(SolutionProperties) = preSolution
		HideSolutionNode = FALSE
	EndGlobalSection
	GlobalSection(ExtensibilityGlobals) = postSolution
		SolutionGuid = {19666133-4F72-4BE3-9B7E-C57A80F349F3}
	EndGlobalSection
EndGlobal
